
Microsoft Visual Studio Solution File, Format Version 12.00
# Visual Studio Version 17
VisualStudioVersion = 17.8.34330.188
MinimumVisualStudioVersion = 10.0.40219.1
Project("{FAE04EC0-301F-11D3-BF4B-00C04F79EFBC}") = "ZWebAPI", "ZWebAPI\ZWebAPI.csproj", "{04414B5B-3D20-45D1-B32A-D582E0FB1FCA}"
EndProject
Global
	GlobalSection(SolutionConfigurationPlatforms) = preSolution
		Debug|Any CPU = Debug|Any CPU
		Release|Any CPU = Release|Any CPU
	EndGlobalSection
	GlobalSection(ProjectConfigurationPlatforms) = postSolution
		{04414B5B-3D20-45D1-B32A-D582E0FB1FCA}.Debug|Any CPU.ActiveCfg = Debug|Any CPU
		{04414B5B-3D20-45D1-B32A-D582E0FB1FCA}.Debug|Any CPU.Build.0 = Debug|Any CPU
		{04414B5B-3D20-45D1-B32A-D582E0FB1FCA}.Release|Any CPU.ActiveCfg = Release|Any CPU
		{04414B5B-3D20-45D1-B32A-D582E0FB1FCA}.Release|Any CPU.Build.0 = Release|Any CPU
	EndGlobalSection
	GlobalSection(SolutionProperties) = preSolution
		HideSolutionNode = FALSE
	EndGlobalSection
	GlobalSection(ExtensibilityGlobals) = postSolution
		SolutionGuid = {3FA94896-5954-44D0-994E-0D2FD2975923}
	EndGlobalSection
EndGlobal
